
Microsoft Visual Studio Solution File, Format Version 11.00
# Visual Studio 2010
Project("{911E67C6-3D85-4FCE-B560-20A9C3E3FF48}") = "iGraphics Project", "iGraphics Project.exe", "{90098FD0-10B2-40D1-8ACD-618FCDD5D540}"
	ProjectSection(DebuggerProjectSystem) = preProject
		PortSupplier = 00000000-0000-0000-0000-000000000000
		Executable = F:\1_2_codes\1200\Game_development\iGraphics\iGraphics Project\Debug\iGraphics Project.exe
		RemoteMachine = PARVEZ
		StartingDirectory = F:\1_2_codes\1200\Game_development\iGraphics\iGraphics Project\Debug
		Environment = Default
		LaunchingEngine = 00000000-0000-0000-0000-000000000000
		LaunchSQLEngine = No
		AttachLaunchAction = No
	EndProjectSection
EndProject
Global
	GlobalSection(SolutionConfigurationPlatforms) = preSolution
		Debug|x86 = Debug|x86
	EndGlobalSection
	GlobalSection(ProjectConfigurationPlatforms) = postSolution
		{90098FD0-10B2-40D1-8ACD-618FCDD5D540}.Debug|x86.ActiveCfg = Debug|x86
	EndGlobalSection
	GlobalSection(SolutionProperties) = preSolution
		HideSolutionNode = FALSE
	EndGlobalSection
EndGlobal
